golang.org/dl v0.0.0-20190314201402-4b942e77e463 h1:v1aZuxp/iiShaIkJIFypZuv+IxsnlXDizI2VelRyBaY=
golang.org/dl v0.0.0-20190314201402-4b942e77e463/go.mod h1:IUMfjQLJQd4UTqG1Z90tenwKoCX93Gn3MAQJMOSBsDQ=
golang.org/dl v0.0.0-20190321192302-d4e2e74532dc h1:A7Tr21tXeE7BBCLOwtlDrOOpd7qnhJ8tRM5H5FtjsuQ=
golang.org/dl v0.0.0-20190321192302-d4e2e74532dc/go.mod h1:IUMfjQLJQd4UTqG1Z90tenwKoCX93Gn3MAQJMOSBsDQ=
