golang.org/dl v0.0.0-20190314201402-4b942e77e463 h1:v1aZuxp/iiShaIkJIFypZuv+IxsnlXDizI2VelRyBaY=
golang.org/dl v0.0.0-20190314201402-4b942e77e463/go.mod h1:IUMfjQLJQd4UTqG1Z90tenwKoCX93Gn3MAQJMOSBsDQ=
golang.org/dl v0.0.0-20190321192302-d4e2e74532dc h1:A7Tr21tXeE7BBCLOwtlDrOOpd7qnhJ8tRM5H5FtjsuQ=
golang.org/dl v0.0.0-20190321192302-d4e2e74532dc/go.mod h1:IUMfjQLJQd4UTqG1Z90tenwKoCX93Gn3MAQJMOSBsDQ=
golang.org/dl v0.0.0-20190412022554-d9038dbc74fd h1:PPCbIL0GuSQdNMNrXvj32DcBeWxtWEe68VFH3n9hjqk=
golang.org/dl v0.0.0-20190412022554-d9038dbc74fd/go.mod h1:IUMfjQLJQd4UTqG1Z90tenwKoCX93Gn3MAQJMOSBsDQ=
golang.org/dl v0.0.0-20201105230244-7f2637f4aae3 h1:QIiQZUW3hKrc6j1oaJ+THVwVbi8H1FTVq6Pw+UdOBwM=
golang.org/dl v0.0.0-20201105230244-7f2637f4aae3/go.mod h1:IUMfjQLJQd4UTqG1Z90tenwKoCX93Gn3MAQJMOSBsDQ=
